
Microsoft Visual Studio Solution File, Format Version 12.00
# Visual Studio 2012
Project("{2150E333-8FDC-42A3-9474-1A3956D46DE8}") = ".nuget", ".nuget", "{3AC53350-47F1-495C-929D-66052F356D13}"
	ProjectSection(SolutionItems) = preProject
		.nuget\NuGet.Config = .nuget\NuGet.Config
		.nuget\NuGet.exe = .nuget\NuGet.exe
		.nuget\NuGet.targets = .nuget\NuGet.targets
	EndProjectSection
EndProject
Project("{FAE04EC0-301F-11D3-BF4B-00C04F79EFBC}") = "Twilio.Activities", "Twilio.Activities\Twilio.Activities.csproj", "{98EC024C-6439-44B1-8B1E-29E457B2201F}"
EndProject
Project("{FAE04EC0-301F-11D3-BF4B-00C04F79EFBC}") = "Twilio.Activities.Tests", "Twilio.Activities.Tests\Twilio.Activities.Tests.csproj", "{3890B313-B468-4CF2-8F26-BE4DB6DD86D1}"
EndProject
Project("{FAE04EC0-301F-11D3-BF4B-00C04F79EFBC}") = "Twilio.Activities.Examples.Site", "Twilio.Activities.Examples.Site\Twilio.Activities.Examples.Site.csproj", "{2C128C79-0FBA-4D2C-B392-735639CF82B9}"
EndProject
Project("{FAE04EC0-301F-11D3-BF4B-00C04F79EFBC}") = "Twilio.Activities.Examples", "Twilio.Activities.Examples\Twilio.Activities.Examples.csproj", "{7BC8ED38-6E00-4ACB-99CC-64979499C346}"
EndProject
Global
	GlobalSection(SolutionConfigurationPlatforms) = preSolution
		Debug|Any CPU = Debug|Any CPU
		Release|Any CPU = Release|Any CPU
	EndGlobalSection
	GlobalSection(ProjectConfigurationPlatforms) = postSolution
		{98EC024C-6439-44B1-8B1E-29E457B2201F}.Debug|Any CPU.ActiveCfg = Debug|Any CPU
		{98EC024C-6439-44B1-8B1E-29E457B2201F}.Debug|Any CPU.Build.0 = Debug|Any CPU
		{98EC024C-6439-44B1-8B1E-29E457B2201F}.Release|Any CPU.ActiveCfg = Release|Any CPU
		{98EC024C-6439-44B1-8B1E-29E457B2201F}.Release|Any CPU.Build.0 = Release|Any CPU
		{3890B313-B468-4CF2-8F26-BE4DB6DD86D1}.Debug|Any CPU.ActiveCfg = Debug|Any CPU
		{3890B313-B468-4CF2-8F26-BE4DB6DD86D1}.Debug|Any CPU.Build.0 = Debug|Any CPU
		{3890B313-B468-4CF2-8F26-BE4DB6DD86D1}.Release|Any CPU.ActiveCfg = Release|Any CPU
		{3890B313-B468-4CF2-8F26-BE4DB6DD86D1}.Release|Any CPU.Build.0 = Release|Any CPU
		{2C128C79-0FBA-4D2C-B392-735639CF82B9}.Debug|Any CPU.ActiveCfg = Debug|Any CPU
		{2C128C79-0FBA-4D2C-B392-735639CF82B9}.Debug|Any CPU.Build.0 = Debug|Any CPU
		{2C128C79-0FBA-4D2C-B392-735639CF82B9}.Release|Any CPU.ActiveCfg = Release|Any CPU
		{2C128C79-0FBA-4D2C-B392-735639CF82B9}.Release|Any CPU.Build.0 = Release|Any CPU
		{7BC8ED38-6E00-4ACB-99CC-64979499C346}.Debug|Any CPU.ActiveCfg = Debug|Any CPU
		{7BC8ED38-6E00-4ACB-99CC-64979499C346}.Debug|Any CPU.Build.0 = Debug|Any CPU
		{7BC8ED38-6E00-4ACB-99CC-64979499C346}.Release|Any CPU.ActiveCfg = Release|Any CPU
		{7BC8ED38-6E00-4ACB-99CC-64979499C346}.Release|Any CPU.Build.0 = Release|Any CPU
	EndGlobalSection
	GlobalSection(SolutionProperties) = preSolution
		HideSolutionNode = FALSE
	EndGlobalSection
EndGlobal
